
Microsoft Visual Studio Solution File, Format Version 11.00
# Visual Studio 2010
Project("{FAE04EC0-301F-11D3-BF4B-00C04F79EFBC}") = "ShufflyNode", "ShufflyNode.csproj", "{71AF39A0-1A8E-416D-919D-829A41FA06A5}"
EndProject
Global
	GlobalSection(SolutionConfigurationPlatforms) = preSolution
		Debug|Any CPU = Debug|Any CPU
		Release|Any CPU = Release|Any CPU
	EndGlobalSection
	GlobalSection(ProjectConfigurationPlatforms) = postSolution
		{71AF39A0-1A8E-416D-919D-829A41FA06A5}.Debug|Any CPU.ActiveCfg = Debug|Any CPU
		{71AF39A0-1A8E-416D-919D-829A41FA06A5}.Debug|Any CPU.Build.0 = Debug|Any CPU
		{71AF39A0-1A8E-416D-919D-829A41FA06A5}.Release|Any CPU.ActiveCfg = Release|Any CPU
		{71AF39A0-1A8E-416D-919D-829A41FA06A5}.Release|Any CPU.Build.0 = Release|Any CPU
	EndGlobalSection
	GlobalSection(SolutionProperties) = preSolution
		HideSolutionNode = FALSE
	EndGlobalSection
EndGlobal
